
Microsoft Visual Studio Solution File, Format Version 12.00
# Visual Studio Version 17
VisualStudioVersion = 17.1.32407.343
MinimumVisualStudioVersion = 10.0.40219.1
Project("{2150E333-8FDC-42A3-9474-1A3956D46DE8}") = "src", "src", "{E0F1145C-02AB-4746-9552-376D32FC7EBE}"
EndProject
Project("{2150E333-8FDC-42A3-9474-1A3956D46DE8}") = "tests", "tests", "{D02AAED0-78BF-429F-80D5-4E17E6840A62}"
EndProject
Project("{2150E333-8FDC-42A3-9474-1A3956D46DE8}") = "tools", "tools", "{318E901E-B607-4FC9-B5D1-650204023CAB}"
EndProject
Project("{2150E333-8FDC-42A3-9474-1A3956D46DE8}") = "Solution Items", "Solution Items", "{0B881DA4-FF51-4CC3-A801-7230B61BA8B9}"
	ProjectSection(SolutionItems) = preProject
		.editorconfig = .editorconfig
		open-shopify-access-oauth.yaml = open-shopify-access-oauth.yaml
		open-shopify-access.yaml = open-shopify-access.yaml
		open-shopify-analytics.yaml = open-shopify-analytics.yaml
		open-shopify-billing.yaml = open-shopify-billing.yaml
		open-shopify-customers.yaml = open-shopify-customers.yaml
		open-shopify-deprecated-api-calls.yaml = open-shopify-deprecated-api-calls.yaml
		open-shopify-discounts.yaml = open-shopify-discounts.yaml
		open-shopify-events.yaml = open-shopify-events.yaml
		open-shopify-inventory.yaml = open-shopify-inventory.yaml
		open-shopify-marketing-event.yaml = open-shopify-marketing-event.yaml
		open-shopify-metafield.yaml = open-shopify-metafield.yaml
		open-shopify-online-store.yaml = open-shopify-online-store.yaml
		open-shopify-orders.yaml = open-shopify-orders.yaml
		open-shopify-plus.yaml = open-shopify-plus.yaml
		open-shopify-products.yaml = open-shopify-products.yaml
		open-shopify-sales-channels.yaml = open-shopify-sales-channels.yaml
		open-shopify-shipping-and-fulfillment.yaml = open-shopify-shipping-and-fulfillment.yaml
		open-shopify-shopify-payments.yaml = open-shopify-shopify-payments.yaml
		open-shopify-store-properties.yaml = open-shopify-store-properties.yaml
		open-shopify-tender-transaction.yaml = open-shopify-tender-transaction.yaml
		README.md = README.md
	EndProjectSection
EndProject
Project("{9A19103F-16F7-4668-BE54-9A1E7A4F7556}") = "OpenShopify.Scraper", "tools\OpenShopify.Scraper\OpenShopify.Scraper.csproj", "{897E7FEA-8652-4844-98C0-95B6A02A5363}"
EndProject
Project("{9A19103F-16F7-4668-BE54-9A1E7A4F7556}") = "OpenShopify.Admin.Builder", "tools\OpenShopify.Admin.Builder\OpenShopify.Admin.Builder.csproj", "{BA24F088-654C-44D2-B845-69D7A3DA98B4}"
EndProject
Project("{9A19103F-16F7-4668-BE54-9A1E7A4F7556}") = "Ocelli.OpenShopify", "src\Ocelli.OpenShopify\Ocelli.OpenShopify.csproj", "{57E76D35-EF17-40B7-8FEE-177818CD1B69}"
EndProject
Project("{9A19103F-16F7-4668-BE54-9A1E7A4F7556}") = "Ocelli.OpenShopify.Tests", "tests\Ocelli.OpenShopify.Tests\Ocelli.OpenShopify.Tests.csproj", "{D5697227-A039-4B45-B652-6183DF5FF327}"
EndProject
Project("{9A19103F-16F7-4668-BE54-9A1E7A4F7556}") = "OpenShopify.ClientGenerator", "tools\OpenShopify.ClientGenerator\OpenShopify.ClientGenerator.csproj", "{597C6557-006A-4869-98C8-D693C21A118D}"
EndProject
Project("{9A19103F-16F7-4668-BE54-9A1E7A4F7556}") = "SampleApp", "tests\SampleApp\SampleApp.csproj", "{7DF98584-205B-4447-93AC-DF1C21674B79}"
EndProject
Project("{FAE04EC0-301F-11D3-BF4B-00C04F79EFBC}") = "OpenShopify.OAuth.Builder", "tools\OpenShopify.OAuth.Builder\OpenShopify.OAuth.Builder.csproj", "{ED9C2EE4-2403-46DF-B898-61D52DF3E239}"
EndProject
Project("{FAE04EC0-301F-11D3-BF4B-00C04F79EFBC}") = "OpenShopify.Common", "tools\OpenShopify.Common\OpenShopify.Common.csproj", "{0D63A207-A11B-444B-8B65-79EE6F7F48F4}"
EndProject
Global
	GlobalSection(SolutionConfigurationPlatforms) = preSolution
		Debug|Any CPU = Debug|Any CPU
		Release|Any CPU = Release|Any CPU
	EndGlobalSection
	GlobalSection(ProjectConfigurationPlatforms) = postSolution
		{897E7FEA-8652-4844-98C0-95B6A02A5363}.Debug|Any CPU.ActiveCfg = Debug|Any CPU
		{897E7FEA-8652-4844-98C0-95B6A02A5363}.Debug|Any CPU.Build.0 = Debug|Any CPU
		{897E7FEA-8652-4844-98C0-95B6A02A5363}.Release|Any CPU.ActiveCfg = Release|Any CPU
		{897E7FEA-8652-4844-98C0-95B6A02A5363}.Release|Any CPU.Build.0 = Release|Any CPU
		{BA24F088-654C-44D2-B845-69D7A3DA98B4}.Debug|Any CPU.ActiveCfg = Debug|Any CPU
		{BA24F088-654C-44D2-B845-69D7A3DA98B4}.Debug|Any CPU.Build.0 = Debug|Any CPU
		{BA24F088-654C-44D2-B845-69D7A3DA98B4}.Release|Any CPU.ActiveCfg = Release|Any CPU
		{BA24F088-654C-44D2-B845-69D7A3DA98B4}.Release|Any CPU.Build.0 = Release|Any CPU
		{57E76D35-EF17-40B7-8FEE-177818CD1B69}.Debug|Any CPU.ActiveCfg = Debug|Any CPU
		{57E76D35-EF17-40B7-8FEE-177818CD1B69}.Debug|Any CPU.Build.0 = Debug|Any CPU
		{57E76D35-EF17-40B7-8FEE-177818CD1B69}.Release|Any CPU.ActiveCfg = Release|Any CPU
		{57E76D35-EF17-40B7-8FEE-177818CD1B69}.Release|Any CPU.Build.0 = Release|Any CPU
		{D5697227-A039-4B45-B652-6183DF5FF327}.Debug|Any CPU.ActiveCfg = Debug|Any CPU
		{D5697227-A039-4B45-B652-6183DF5FF327}.Debug|Any CPU.Build.0 = Debug|Any CPU
		{D5697227-A039-4B45-B652-6183DF5FF327}.Release|Any CPU.ActiveCfg = Release|Any CPU
		{D5697227-A039-4B45-B652-6183DF5FF327}.Release|Any CPU.Build.0 = Release|Any CPU
		{597C6557-006A-4869-98C8-D693C21A118D}.Debug|Any CPU.ActiveCfg = Debug|Any CPU
		{597C6557-006A-4869-98C8-D693C21A118D}.Debug|Any CPU.Build.0 = Debug|Any CPU
		{597C6557-006A-4869-98C8-D693C21A118D}.Release|Any CPU.ActiveCfg = Release|Any CPU
		{597C6557-006A-4869-98C8-D693C21A118D}.Release|Any CPU.Build.0 = Release|Any CPU
		{7DF98584-205B-4447-93AC-DF1C21674B79}.Debug|Any CPU.ActiveCfg = Debug|Any CPU
		{7DF98584-205B-4447-93AC-DF1C21674B79}.Debug|Any CPU.Build.0 = Debug|Any CPU
		{7DF98584-205B-4447-93AC-DF1C21674B79}.Release|Any CPU.ActiveCfg = Release|Any CPU
		{7DF98584-205B-4447-93AC-DF1C21674B79}.Release|Any CPU.Build.0 = Release|Any CPU
		{ED9C2EE4-2403-46DF-B898-61D52DF3E239}.Debug|Any CPU.ActiveCfg = Debug|Any CPU
		{ED9C2EE4-2403-46DF-B898-61D52DF3E239}.Debug|Any CPU.Build.0 = Debug|Any CPU
		{ED9C2EE4-2403-46DF-B898-61D52DF3E239}.Release|Any CPU.ActiveCfg = Release|Any CPU
		{ED9C2EE4-2403-46DF-B898-61D52DF3E239}.Release|Any CPU.Build.0 = Release|Any CPU
		{0D63A207-A11B-444B-8B65-79EE6F7F48F4}.Debug|Any CPU.ActiveCfg = Debug|Any CPU
		{0D63A207-A11B-444B-8B65-79EE6F7F48F4}.Debug|Any CPU.Build.0 = Debug|Any CPU
		{0D63A207-A11B-444B-8B65-79EE6F7F48F4}.Release|Any CPU.ActiveCfg = Release|Any CPU
		{0D63A207-A11B-444B-8B65-79EE6F7F48F4}.Release|Any CPU.Build.0 = Release|Any CPU
	EndGlobalSection
	GlobalSection(SolutionProperties) = preSolution
		HideSolutionNode = FALSE
	EndGlobalSection
	GlobalSection(NestedProjects) = preSolution
		{897E7FEA-8652-4844-98C0-95B6A02A5363} = {318E901E-B607-4FC9-B5D1-650204023CAB}
		{BA24F088-654C-44D2-B845-69D7A3DA98B4} = {318E901E-B607-4FC9-B5D1-650204023CAB}
		{57E76D35-EF17-40B7-8FEE-177818CD1B69} = {E0F1145C-02AB-4746-9552-376D32FC7EBE}
		{D5697227-A039-4B45-B652-6183DF5FF327} = {D02AAED0-78BF-429F-80D5-4E17E6840A62}
		{597C6557-006A-4869-98C8-D693C21A118D} = {318E901E-B607-4FC9-B5D1-650204023CAB}
		{7DF98584-205B-4447-93AC-DF1C21674B79} = {D02AAED0-78BF-429F-80D5-4E17E6840A62}
		{ED9C2EE4-2403-46DF-B898-61D52DF3E239} = {318E901E-B607-4FC9-B5D1-650204023CAB}
		{0D63A207-A11B-444B-8B65-79EE6F7F48F4} = {318E901E-B607-4FC9-B5D1-650204023CAB}
	EndGlobalSection
	GlobalSection(ExtensibilityGlobals) = postSolution
		SolutionGuid = {49AD5AA9-F37B-4C95-A51B-41F0CFBAA942}
	EndGlobalSection
EndGlobal
